version = 1
requires-python = ">=3.12"

[[package]]
name = "glcontext"
version = "3.0.0"
source = { registry = "https://pypi.org/simple" }
sdist = { url = "https://files.pythonhosted.org/packages/3a/80/8238a0e6e972292061176141c1028b5e670aa8c94cf4c2f819bd730d314e/glcontext-3.0.0.tar.gz", hash = "sha256:57168edcd38df2fc0d70c318edf6f7e59091fba1cd3dadb289d0aa50449211ef", size = 16422 }
wheels = [
    { url = "https://files.pythonhosted.org/packages/6e/61/d8f77d44bbf477b235ecbff8d421a5511d4b4f6dc676dacd84d012348516/glcontext-3.0.0-cp312-cp312-macosx_10_9_x86_64.whl", hash = "sha256:848f870a2bc72a29de7ab6756b9e8f2e6ce052e17873ebc6b3f25129b6e0d58a", size = 9360 },
    { url = "https://files.pythonhosted.org/packages/de/46/680a97d974cfe7af798542918b65bd8e65a5f8f7647edfd9fdb91a95df6c/glcontext-3.0.0-cp312-cp312-macosx_11_0_arm64.whl", hash = "sha256:4b3b12a66f57379566dd4d36899ac265abdbe040f3fc3293f50cd6678a1dcc9b", size = 9733 },
    { url = "https://files.pythonhosted.org/packages/74/2c/be188c4eb63b4d0cc74c644a1519b5e3a37488da3cbda724570cd5fed8d3/glcontext-3.0.0-cp312-cp312-manylinux_2_5_i686.manylinux1_i686.manylinux_2_17_i686.manylinux2014_i686.whl", hash = "sha256:449eaefd89c0519900715b8363ead59ac4aa32457722ca521ce01297441edb34", size = 50409 },
    { url = "https://files.pythonhosted.org/packages/32/ba/9ccb80650e5bd61e739f16f33aec3bb290a80f314631be8f7dc0a2b22b5f/glcontext-3.0.0-cp312-cp312-manylinux_2_5_x86_64.manylinux1_x86_64.manylinux_2_17_x86_64.manylinux2014_x86_64.whl", hash = "sha256:04921720740438ceea8fb8a38b5665963520c7c8f27bef03df8aeb3ea3cfbfb6", size = 51440 },
    { url = "https://files.pythonhosted.org/packages/c0/99/f6c9a0e614809ba5b83bd8403c475b788bd574d694bd5bc6b6ae2e2cefdf/glcontext-3.0.0-cp312-cp312-musllinux_1_2_i686.whl", hash = "sha256:25538bdb106f673638d70e8a16a0c037a92a24c4cf40a05f0d3fa14b483d6194", size = 44820 },
    { url = "https://files.pythonhosted.org/packages/a2/29/fdbb94e4c9374390639b741774384f7413efcd7634cc9c4baacc2cf00a1f/glcontext-3.0.0-cp312-cp312-musllinux_1_2_x86_64.whl", hash = "sha256:d11f7701b900a5a34c994e1d91c547be1cc469b73f881471460fd905f69f9e4c", size = 47055 },
    { url = "https://files.pythonhosted.org/packages/5d/fe/25b5348fe5e856697dacad34fc07e80f48eecfb38bd09806679fe0e62769/glcontext-3.0.0-cp312-cp312-win32.whl", hash = "sha256:5d2b567eaf34adb016aadce81fd2f1d4c8e4a39e3d6f2a395ce528e2a350dd3f", size = 12219 },
    { url = "https://files.pythonhosted.org/packages/17/d3/6619693ddad97011ca1c9aaeb82216ab2bfd54757be752b12f4e9a2fc489/glcontext-3.0.0-cp312-cp312-win_amd64.whl", hash = "sha256:e80bb37ba727bd20c192f2754aea40c437a7665005c1001c10752f91913964e9", size = 12971 },
    { url = "https://files.pythonhosted.org/packages/12/be/0ef6a6710164fde818040238b041b02a082a2b9d210f18632ab2354d863e/glcontext-3.0.0-cp313-cp313-macosx_10_13_x86_64.whl", hash = "sha256:5bd37089570d3cdb01c6c0b315c49ce8a4dcdab2c431f5ba9f37a8b633cebfdf", size = 9366 },
    { url = "https://files.pythonhosted.org/packages/b9/d7/c3220898d72fbf938660ba5789c19cf245d21b45802a5d86cbcc67d66413/glcontext-3.0.0-cp313-cp313-macosx_11_0_arm64.whl", hash = "sha256:857fd83e60f15580afd369dfb651a10d84a70ec35995622d253551bfb3ff9477", size = 9735 },
    { url = "https://files.pythonhosted.org/packages/74/c1/2d57062d2f2f6e55c58b12bdeab2a39b209f959df32039d099ecdfe96bf7/glcontext-3.0.0-cp313-cp313-manylinux_2_5_i686.manylinux1_i686.manylinux_2_17_i686.manylinux2014_i686.whl", hash = "sha256:93fda9b378ce6d91f366e83e71ebdafdd167280a9834d1d6341ce6457c4e42ed", size = 50166 },
    { url = "https://files.pythonhosted.org/packages/03/4d/7fee00c76d678b06529e939ab6f3e3190af30208fe2e984526899026a437/glcontext-3.0.0-cp313-cp313-manylinux_2_5_x86_64.manylinux1_x86_64.manylinux_2_17_x86_64.manylinux2014_x86_64.whl", hash = "sha256:89ad50d34aa62f03f6aaf6ae39fc27afd1b0eaefb0281aac51f686dc5672d473", size = 51186 },
    { url = "https://files.pythonhosted.org/packages/f0/58/dc9a56192b889587e51ea511804bad5dec816de81ce16831db9fe19d5c40/glcontext-3.0.0-cp313-cp313-musllinux_1_2_i686.whl", hash = "sha256:2634d5e9647a6d7b0c5a5c0c57e91ac98aa79759bffb42459af4374b049fab01", size = 44658 },
    { url = "https://files.pythonhosted.org/packages/aa/ed/acb12e67589deaa96ad29d6994c2b9383afd18700f4f2a42ff342628aac5/glcontext-3.0.0-cp313-cp313-musllinux_1_2_x86_64.whl", hash = "sha256:0140c5df37cb48271527355062d35589dc3e1e7e73b51adf9962ed5048115f69", size = 46882 },
    { url = "https://files.pythonhosted.org/packages/e0/6d/033ba23466d596c945f5f31f5c4e50cba3bc6664fdee58f6ceab54b76f4b/glcontext-3.0.0-cp313-cp313-win32.whl", hash = "sha256:6678e0552b516fa8fe62f500ef2b953bec991e82a003be2a9840d16556d03d2e", size = 12220 },
    { url = "https://files.pythonhosted.org/packages/53/b4/f0e0860526b8661ec6ae2b25a15b61100e551f57f488613c564752173a56/glcontext-3.0.0-cp313-cp313-win_amd64.whl", hash = "sha256:18aa4b1df50e8c8ea39bd0f775f39bcc987521f92c4ed019ec7d70078471354d", size = 12971 },
]

[[package]]
name = "moderngl"
version = "5.12.0"
source = { registry = "https://pypi.org/simple" }
dependencies = [
    { name = "glcontext" },
]
sdist = { url = "https://files.pythonhosted.org/packages/da/52/540e2f8c45060bb2709f56eb5a44ae828dfcc97ccecb342c1a7deb467889/moderngl-5.12.0.tar.gz", hash = "sha256:52936a98ccb2f2e1d6e3cb18528b2919f6831e7e3f924e788b5873badce5129b", size = 193232 }
wheels = [
    { url = "https://files.pythonhosted.org/packages/3c/66/31161e81bc85ca3cdbb9d94f703f21575e4ae9a2919e9d1af98fc7fdb1ba/moderngl-5.12.0-cp312-cp312-macosx_10_13_x86_64.whl", hash = "sha256:2750547707c1ec3790dfbeb9c90fb808672ff13f61cac392c706ba09fda10db0", size = 112101 },
    { url = "https://files.pythonhosted.org/packages/84/b2/7229a89a40d33a95119a7c64c7ee36a6a6e376c57c39fb577ea513602f37/moderngl-5.12.0-cp312-cp312-macosx_11_0_arm64.whl", hash = "sha256:c5c2a5fe06c7021183d9274df798f25516409c8d55898c324dae8a0b2de10144", size = 109377 },
    { url = "https://files.pythonhosted.org/packages/d7/96/bcb5141eae24474d80b8157b0c3055d25fa75f9804d4abb4a514695bbba9/moderngl-5.12.0-cp312-cp312-manylinux_2_17_x86_64.manylinux2014_x86_64.whl", hash = "sha256:b6c4972f3ddd10a3de6c30311da2c25bc493d023796e16c5d4e0f8bd6d5770be", size = 296394 },
    { url = "https://files.pythonhosted.org/packages/b8/79/a9998ddf6757f4f15888b0a106d80a64a8c8991a8ce5c14047830704b9e6/moderngl-5.12.0-cp312-cp312-manylinux_2_5_i686.manylinux1_i686.manylinux_2_17_i686.manylinux2014_i686.whl", hash = "sha256:a4d497ec6a3f6afa9ebd0be816d9bfe2fe20fec2105acfb88d956619c3ed8eb4", size = 270548 },
    { url = "https://files.pythonhosted.org/packages/17/f4/313dc301db936b231035b961e004f1914c2954bdcdf4985e24bff15e7ed5/moderngl-5.12.0-cp312-cp312-musllinux_1_2_i686.whl", hash = "sha256:2f3d240e9bc5d83257378bae59f8f35638b89d22bb003cf674b88fd7932161ce", size = 1345817 },
    { url = "https://files.pythonhosted.org/packages/8c/6f/7b3587e7e3ae633b8c85038f035dfeb348ebf805de4beb01241c59c6b97c/moderngl-5.12.0-cp312-cp312-musllinux_1_2_x86_64.whl", hash = "sha256:6fa667d560d842e778e2a5968305fb78f9781616a11b1b93acd2562f97262ccf", size = 1274968 },
    { url = "https://files.pythonhosted.org/packages/4f/e8/0f3b3cd1be7b0a93f33dc613f76a42021d1393b4949c5b6a1ca2a01c6772/moderngl-5.12.0-cp312-cp312-win32.whl", hash = "sha256:0a02fddd54dccee1ca6060bfed75a2e6a17dd3ee06920fac418506d8a8233849", size = 101221 },
    { url = "https://files.pythonhosted.org/packages/56/85/35498b1821cf31c731b1882168db8924207ff3c06d8f0da53e1cc373a89d/moderngl-5.12.0-cp312-cp312-win_amd64.whl", hash = "sha256:8698a59ad03539a2982125b7998efc1c107ba31d5d03437b6fcd72cb2c226922", size = 108525 },
    { url = "https://files.pythonhosted.org/packages/39/13/cf493bdc3cb4f7a6b4fb357e683404dc8a97d19f53d501e4afdd679538e2/moderngl-5.12.0-cp313-cp313-macosx_10_13_x86_64.whl", hash = "sha256:f6efb432f5164f871471d1da36e3a4be9dc3efd7a1e48d0ac6b751e556af5d02", size = 112118 },
    { url = "https://files.pythonhosted.org/packages/a9/1f/1d84bba5f42fb19ce240d08d5434fe8e2f34341e68bb9fa89336b6cbdcfc/moderngl-5.12.0-cp313-cp313-macosx_11_0_arm64.whl", hash = "sha256:9b09d8d15b2eaab41c8646a664429ec86af225fa25096758497cd212489d2e1e", size = 109371 },
    { url = "https://files.pythonhosted.org/packages/be/ae/bda0b95878e2b36eac66f64d88c08e6c8ea759607f7d40e843a21c2f4f32/moderngl-5.12.0-cp313-cp313-manylinux_2_17_x86_64.manylinux2014_x86_64.whl", hash = "sha256:071042dd4846e58cbe204cf49341b62cd209fdcb6d48018feb5a61c66707fcb2", size = 296206 },
    { url = "https://files.pythonhosted.org/packages/28/bc/93dc73251bcdb9c0f6f5c9a1d97ec2134672c307c68e6106948eab1f73d4/moderngl-5.12.0-cp313-cp313-manylinux_2_5_i686.manylinux1_i686.manylinux_2_17_i686.manylinux2014_i686.whl", hash = "sha256:91db8302ac7f5d7a82a967388677e1378ff078f1e16d05da37ce77f4633b93b1", size = 270443 },
    { url = "https://files.pythonhosted.org/packages/2e/a1/bd72c788b16c2392d3e1ebb570e56d7f871eaa1854f57917c0f131acb365/moderngl-5.12.0-cp313-cp313-musllinux_1_2_i686.whl", hash = "sha256:51971d65ec96a212a814350c8b324ae0754353e1b61826d1a06aa2d060df170e", size = 1345675 },
    { url = "https://files.pythonhosted.org/packages/b2/ec/6aff8fa267d9f80e4d32b7a606fdf9f0563103441a7dbaa4f53e272a4ada/moderngl-5.12.0-cp313-cp313-musllinux_1_2_x86_64.whl", hash = "sha256:d56827360c19e831e986243b5daaf6a51006f1ec0d5372084ad446308763d19f", size = 1274906 },
    { url = "https://files.pythonhosted.org/packages/9f/4d/dc3ff763c125080e71b1095875f5dcc80949402019abc073bdfdbed1f4c2/moderngl-5.12.0-cp313-cp313-win32.whl", hash = "sha256:caa432c12b138a6c9571719075c4d103bdc2504cd31aeda38a00ad10fcf268cb", size = 101215 },
    { url = "https://files.pythonhosted.org/packages/2c/8b/0a264732e0ee49fca109e98ec28f4d0c326ffc31466aa6e9668e8961aabb/moderngl-5.12.0-cp313-cp313-win_amd64.whl", hash = "sha256:e34d1cd38f7998258f76a08bb5e87f351ec653b7ea1928b2711f8719c10cefd1", size = 108514 },
]

[[package]]
name = "moderngl-window"
version = "3.1.1"
source = { registry = "https://pypi.org/simple" }
dependencies = [
    { name = "moderngl" },
    { name = "numpy" },
    { name = "pillow" },
    { name = "pyglet" },
    { name = "pyglm" },
]
sdist = { url = "https://files.pythonhosted.org/packages/90/02/92e235891300c901f59647112a0267a07454f58aeb2041aa44f6b85f9cb3/moderngl_window-3.1.1.tar.gz", hash = "sha256:29c2827505f87399f3461d480b2778910fddeebe44ea803301215cf212a6c1bc", size = 353495 }
wheels = [
    { url = "https://files.pythonhosted.org/packages/23/41/d3503f07de8ad3597165f88b07e1064629f82e65385c4307875b2f6b137f/moderngl_window-3.1.1-py3-none-any.whl", hash = "sha256:e3b3ac2b4e23afcbfdac1971318a4db893bed3ba6a8fbde3367b1226af39b2e5", size = 382381 },
]

[[package]]
name = "numpy"
version = "2.2.2"
source = { registry = "https://pypi.org/simple" }
sdist = { url = "https://files.pythonhosted.org/packages/ec/d0/c12ddfd3a02274be06ffc71f3efc6d0e457b0409c4481596881e748cb264/numpy-2.2.2.tar.gz", hash = "sha256:ed6906f61834d687738d25988ae117683705636936cc605be0bb208b23df4d8f", size = 20233295 }
wheels = [
    { url = "https://files.pythonhosted.org/packages/0c/e6/847d15770ab7a01e807bdfcd4ead5bdae57c0092b7dc83878171b6af97bb/numpy-2.2.2-cp312-cp312-macosx_10_13_x86_64.whl", hash = "sha256:ac9bea18d6d58a995fac1b2cb4488e17eceeac413af014b1dd26170b766d8467", size = 20912636 },
    { url = "https://files.pythonhosted.org/packages/d1/af/f83580891577b13bd7e261416120e036d0d8fb508c8a43a73e38928b794b/numpy-2.2.2-cp312-cp312-macosx_11_0_arm64.whl", hash = "sha256:23ae9f0c2d889b7b2d88a3791f6c09e2ef827c2446f1c4a3e3e76328ee4afd9a", size = 14098403 },
    { url = "https://files.pythonhosted.org/packages/2b/86/d019fb60a9d0f1d4cf04b014fe88a9135090adfadcc31c1fadbb071d7fa7/numpy-2.2.2-cp312-cp312-macosx_14_0_arm64.whl", hash = "sha256:3074634ea4d6df66be04f6728ee1d173cfded75d002c75fac79503a880bf3825", size = 5128938 },
    { url = "https://files.pythonhosted.org/packages/7a/1b/50985edb6f1ec495a1c36452e860476f5b7ecdc3fc59ea89ccad3c4926c5/numpy-2.2.2-cp312-cp312-macosx_14_0_x86_64.whl", hash = "sha256:8ec0636d3f7d68520afc6ac2dc4b8341ddb725039de042faf0e311599f54eb37", size = 6661937 },
    { url = "https://files.pythonhosted.org/packages/f4/1b/17efd94cad1b9d605c3f8907fb06bcffc4ce4d1d14d46b95316cccccf2b9/numpy-2.2.2-cp312-cp312-manylinux_2_17_aarch64.manylinux2014_aarch64.whl", hash = "sha256:2ffbb1acd69fdf8e89dd60ef6182ca90a743620957afb7066385a7bbe88dc748", size = 14049518 },
    { url = "https://files.pythonhosted.org/packages/5b/73/65d2f0b698df1731e851e3295eb29a5ab8aa06f763f7e4188647a809578d/numpy-2.2.2-cp312-cp312-manylinux_2_17_x86_64.manylinux2014_x86_64.whl", hash = "sha256:0349b025e15ea9d05c3d63f9657707a4e1d471128a3b1d876c095f328f8ff7f0", size = 16099146 },
    { url = "https://files.pythonhosted.org/packages/d5/69/308f55c0e19d4b5057b5df286c5433822e3c8039ede06d4051d96f1c2c4e/numpy-2.2.2-cp312-cp312-musllinux_1_2_aarch64.whl", hash = "sha256:463247edcee4a5537841d5350bc87fe8e92d7dd0e8c71c995d2c6eecb8208278", size = 15246336 },
    { url = "https://files.pythonhosted.org/packages/f0/d8/d8d333ad0d8518d077a21aeea7b7c826eff766a2b1ce1194dea95ca0bacf/numpy-2.2.2-cp312-cp312-musllinux_1_2_x86_64.whl", hash = "sha256:9dd47ff0cb2a656ad69c38da850df3454da88ee9a6fde0ba79acceee0e79daba", size = 17863507 },
    { url = "https://files.pythonhosted.org/packages/82/6e/0b84ad3103ffc16d6673e63b5acbe7901b2af96c2837174c6318c98e27ab/numpy-2.2.2-cp312-cp312-win32.whl", hash = "sha256:4525b88c11906d5ab1b0ec1f290996c0020dd318af8b49acaa46f198b1ffc283", size = 6276491 },
    { url = "https://files.pythonhosted.org/packages/fc/84/7f801a42a67b9772a883223a0a1e12069a14626c81a732bd70aac57aebc1/numpy-2.2.2-cp312-cp312-win_amd64.whl", hash = "sha256:5acea83b801e98541619af398cc0109ff48016955cc0818f478ee9ef1c5c3dcb", size = 12616372 },
    { url = "https://files.pythonhosted.org/packages/e1/fe/df5624001f4f5c3e0b78e9017bfab7fdc18a8d3b3d3161da3d64924dd659/numpy-2.2.2-cp313-cp313-macosx_10_13_x86_64.whl", hash = "sha256:b208cfd4f5fe34e1535c08983a1a6803fdbc7a1e86cf13dd0c61de0b51a0aadc", size = 20899188 },
    { url = "https://files.pythonhosted.org/packages/a9/80/d349c3b5ed66bd3cb0214be60c27e32b90a506946857b866838adbe84040/numpy-2.2.2-cp313-cp313-macosx_11_0_arm64.whl", hash = "sha256:d0bbe7dd86dca64854f4b6ce2ea5c60b51e36dfd597300057cf473d3615f2369", size = 14113972 },
    { url = "https://files.pythonhosted.org/packages/9d/50/949ec9cbb28c4b751edfa64503f0913cbfa8d795b4a251e7980f13a8a655/numpy-2.2.2-cp313-cp313-macosx_14_0_arm64.whl", hash = "sha256:22ea3bb552ade325530e72a0c557cdf2dea8914d3a5e1fecf58fa5dbcc6f43cd", size = 5114294 },
    { url = "https://files.pythonhosted.org/packages/8d/f3/399c15629d5a0c68ef2aa7621d430b2be22034f01dd7f3c65a9c9666c445/numpy-2.2.2-cp313-cp313-macosx_14_0_x86_64.whl", hash = "sha256:128c41c085cab8a85dc29e66ed88c05613dccf6bc28b3866cd16050a2f5448be", size = 6648426 },
    { url = "https://files.pythonhosted.org/packages/2c/03/c72474c13772e30e1bc2e558cdffd9123c7872b731263d5648b5c49dd459/numpy-2.2.2-cp313-cp313-manylinux_2_17_aarch64.manylinux2014_aarch64.whl", hash = "sha256:250c16b277e3b809ac20d1f590716597481061b514223c7badb7a0f9993c7f84", size = 14045990 },
    { url = "https://files.pythonhosted.org/packages/83/9c/96a9ab62274ffafb023f8ee08c88d3d31ee74ca58869f859db6845494fa6/numpy-2.2.2-cp313-cp313-manylinux_2_17_x86_64.manylinux2014_x86_64.whl", hash = "sha256:e0c8854b09bc4de7b041148d8550d3bd712b5c21ff6a8ed308085f190235d7ff", size = 16096614 },
    { url = "https://files.pythonhosted.org/packages/d5/34/cd0a735534c29bec7093544b3a509febc9b0df77718a9b41ffb0809c9f46/numpy-2.2.2-cp313-cp313-musllinux_1_2_aarch64.whl", hash = "sha256:b6fb9c32a91ec32a689ec6410def76443e3c750e7cfc3fb2206b985ffb2b85f0", size = 15242123 },
    { url = "https://files.pythonhosted.org/packages/5e/6d/541717a554a8f56fa75e91886d9b79ade2e595918690eb5d0d3dbd3accb9/numpy-2.2.2-cp313-cp313-musllinux_1_2_x86_64.whl", hash = "sha256:57b4012e04cc12b78590a334907e01b3a85efb2107df2b8733ff1ed05fce71de", size = 17859160 },
    { url = "https://files.pythonhosted.org/packages/b9/a5/fbf1f2b54adab31510728edd06a05c1b30839f37cf8c9747cb85831aaf1b/numpy-2.2.2-cp313-cp313-win32.whl", hash = "sha256:4dbd80e453bd34bd003b16bd802fac70ad76bd463f81f0c518d1245b1c55e3d9", size = 6273337 },
    { url = "https://files.pythonhosted.org/packages/56/e5/01106b9291ef1d680f82bc47d0c5b5e26dfed15b0754928e8f856c82c881/numpy-2.2.2-cp313-cp313-win_amd64.whl", hash = "sha256:5a8c863ceacae696aff37d1fd636121f1a512117652e5dfb86031c8d84836369", size = 12609010 },
    { url = "https://files.pythonhosted.org/packages/9f/30/f23d9876de0f08dceb707c4dcf7f8dd7588266745029debb12a3cdd40be6/numpy-2.2.2-cp313-cp313t-macosx_10_13_x86_64.whl", hash = "sha256:b3482cb7b3325faa5f6bc179649406058253d91ceda359c104dac0ad320e1391", size = 20924451 },
    { url = "https://files.pythonhosted.org/packages/6a/ec/6ea85b2da9d5dfa1dbb4cb3c76587fc8ddcae580cb1262303ab21c0926c4/numpy-2.2.2-cp313-cp313t-macosx_11_0_arm64.whl", hash = "sha256:9491100aba630910489c1d0158034e1c9a6546f0b1340f716d522dc103788e39", size = 14122390 },
    { url = "https://files.pythonhosted.org/packages/68/05/bfbdf490414a7dbaf65b10c78bc243f312c4553234b6d91c94eb7c4b53c2/numpy-2.2.2-cp313-cp313t-macosx_14_0_arm64.whl", hash = "sha256:41184c416143defa34cc8eb9d070b0a5ba4f13a0fa96a709e20584638254b317", size = 5156590 },
    { url = "https://files.pythonhosted.org/packages/f7/ec/fe2e91b2642b9d6544518388a441bcd65c904cea38d9ff998e2e8ebf808e/numpy-2.2.2-cp313-cp313t-macosx_14_0_x86_64.whl", hash = "sha256:7dca87ca328f5ea7dafc907c5ec100d187911f94825f8700caac0b3f4c384b49", size = 6671958 },
    { url = "https://files.pythonhosted.org/packages/b1/6f/6531a78e182f194d33ee17e59d67d03d0d5a1ce7f6be7343787828d1bd4a/numpy-2.2.2-cp313-cp313t-manylinux_2_17_aarch64.manylinux2014_aarch64.whl", hash = "sha256:0bc61b307655d1a7f9f4b043628b9f2b721e80839914ede634e3d485913e1fb2", size = 14019950 },
    { url = "https://files.pythonhosted.org/packages/e1/fb/13c58591d0b6294a08cc40fcc6b9552d239d773d520858ae27f39997f2ae/numpy-2.2.2-cp313-cp313t-manylinux_2_17_x86_64.manylinux2014_x86_64.whl", hash = "sha256:9fad446ad0bc886855ddf5909cbf8cb5d0faa637aaa6277fb4b19ade134ab3c7", size = 16079759 },
    { url = "https://files.pythonhosted.org/packages/2c/f2/f2f8edd62abb4b289f65a7f6d1f3650273af00b91b7267a2431be7f1aec6/numpy-2.2.2-cp313-cp313t-musllinux_1_2_aarch64.whl", hash = "sha256:149d1113ac15005652e8d0d3f6fd599360e1a708a4f98e43c9c77834a28238cb", size = 15226139 },
    { url = "https://files.pythonhosted.org/packages/aa/29/14a177f1a90b8ad8a592ca32124ac06af5eff32889874e53a308f850290f/numpy-2.2.2-cp313-cp313t-musllinux_1_2_x86_64.whl", hash = "sha256:106397dbbb1896f99e044efc90360d098b3335060375c26aa89c0d8a97c5f648", size = 17856316 },
    { url = "https://files.pythonhosted.org/packages/95/03/242ae8d7b97f4e0e4ab8dd51231465fb23ed5e802680d629149722e3faf1/numpy-2.2.2-cp313-cp313t-win32.whl", hash = "sha256:0eec19f8af947a61e968d5429f0bd92fec46d92b0008d0a6685b40d6adf8a4f4", size = 6329134 },
    { url = "https://files.pythonhosted.org/packages/80/94/cd9e9b04012c015cb6320ab3bf43bc615e248dddfeb163728e800a5d96f0/numpy-2.2.2-cp313-cp313t-win_amd64.whl", hash = "sha256:97b974d3ba0fb4612b77ed35d7627490e8e3dff56ab41454d9e8b23448940576", size = 12696208 },
]

[[package]]
name = "pillow"
version = "11.1.0"
source = { registry = "https://pypi.org/simple" }
sdist = { url = "https://files.pythonhosted.org/packages/f3/af/c097e544e7bd278333db77933e535098c259609c4eb3b85381109602fb5b/pillow-11.1.0.tar.gz", hash = "sha256:368da70808b36d73b4b390a8ffac11069f8a5c85f29eff1f1b01bcf3ef5b2a20", size = 46742715 }
wheels = [
    { url = "https://files.pythonhosted.org/packages/95/20/9ce6ed62c91c073fcaa23d216e68289e19d95fb8188b9fb7a63d36771db8/pillow-11.1.0-cp312-cp312-macosx_10_13_x86_64.whl", hash = "sha256:2062ffb1d36544d42fcaa277b069c88b01bb7298f4efa06731a7fd6cc290b81a", size = 3226818 },
    { url = "https://files.pythonhosted.org/packages/b9/d8/f6004d98579a2596c098d1e30d10b248798cceff82d2b77aa914875bfea1/pillow-11.1.0-cp312-cp312-macosx_11_0_arm64.whl", hash = "sha256:a85b653980faad27e88b141348707ceeef8a1186f75ecc600c395dcac19f385b", size = 3101662 },
    { url = "https://files.pythonhosted.org/packages/08/d9/892e705f90051c7a2574d9f24579c9e100c828700d78a63239676f960b74/pillow-11.1.0-cp312-cp312-manylinux_2_17_aarch64.manylinux2014_aarch64.whl", hash = "sha256:9409c080586d1f683df3f184f20e36fb647f2e0bc3988094d4fd8c9f4eb1b3b3", size = 4329317 },
    { url = "https://files.pythonhosted.org/packages/8c/aa/7f29711f26680eab0bcd3ecdd6d23ed6bce180d82e3f6380fb7ae35fcf3b/pillow-11.1.0-cp312-cp312-manylinux_2_17_x86_64.manylinux2014_x86_64.whl", hash = "sha256:7fdadc077553621911f27ce206ffcbec7d3f8d7b50e0da39f10997e8e2bb7f6a", size = 4412999 },
    { url = "https://files.pythonhosted.org/packages/c8/c4/8f0fe3b9e0f7196f6d0bbb151f9fba323d72a41da068610c4c960b16632a/pillow-11.1.0-cp312-cp312-manylinux_2_28_aarch64.whl", hash = "sha256:93a18841d09bcdd774dcdc308e4537e1f867b3dec059c131fde0327899734aa1", size = 4368819 },
    { url = "https://files.pythonhosted.org/packages/38/0d/84200ed6a871ce386ddc82904bfadc0c6b28b0c0ec78176871a4679e40b3/pillow-11.1.0-cp312-cp312-manylinux_2_28_x86_64.whl", hash = "sha256:9aa9aeddeed452b2f616ff5507459e7bab436916ccb10961c4a382cd3e03f47f", size = 4496081 },
    { url = "https://files.pythonhosted.org/packages/84/9c/9bcd66f714d7e25b64118e3952d52841a4babc6d97b6d28e2261c52045d4/pillow-11.1.0-cp312-cp312-musllinux_1_2_aarch64.whl", hash = "sha256:3cdcdb0b896e981678eee140d882b70092dac83ac1cdf6b3a60e2216a73f2b91", size = 4296513 },
    { url = "https://files.pythonhosted.org/packages/db/61/ada2a226e22da011b45f7104c95ebda1b63dcbb0c378ad0f7c2a710f8fd2/pillow-11.1.0-cp312-cp312-musllinux_1_2_x86_64.whl", hash = "sha256:36ba10b9cb413e7c7dfa3e189aba252deee0602c86c309799da5a74009ac7a1c", size = 4431298 },
    { url = "https://files.pythonhosted.org/packages/e7/c4/fc6e86750523f367923522014b821c11ebc5ad402e659d8c9d09b3c9d70c/pillow-11.1.0-cp312-cp312-win32.whl", hash = "sha256:cfd5cd998c2e36a862d0e27b2df63237e67273f2fc78f47445b14e73a810e7e6", size = 2291630 },
    { url = "https://files.pythonhosted.org/packages/08/5c/2104299949b9d504baf3f4d35f73dbd14ef31bbd1ddc2c1b66a5b7dfda44/pillow-11.1.0-cp312-cp312-win_amd64.whl", hash = "sha256:a697cd8ba0383bba3d2d3ada02b34ed268cb548b369943cd349007730c92bddf", size = 2626369 },
    { url = "https://files.pythonhosted.org/packages/37/f3/9b18362206b244167c958984b57c7f70a0289bfb59a530dd8af5f699b910/pillow-11.1.0-cp312-cp312-win_arm64.whl", hash = "sha256:4dd43a78897793f60766563969442020e90eb7847463eca901e41ba186a7d4a5", size = 2375240 },
    { url = "https://files.pythonhosted.org/packages/b3/31/9ca79cafdce364fd5c980cd3416c20ce1bebd235b470d262f9d24d810184/pillow-11.1.0-cp313-cp313-macosx_10_13_x86_64.whl", hash = "sha256:ae98e14432d458fc3de11a77ccb3ae65ddce70f730e7c76140653048c71bfcbc", size = 3226640 },
    { url = "https://files.pythonhosted.org/packages/ac/0f/ff07ad45a1f172a497aa393b13a9d81a32e1477ef0e869d030e3c1532521/pillow-11.1.0-cp313-cp313-macosx_11_0_arm64.whl", hash = "sha256:cc1331b6d5a6e144aeb5e626f4375f5b7ae9934ba620c0ac6b3e43d5e683a0f0", size = 3101437 },
    { url = "https://files.pythonhosted.org/packages/08/2f/9906fca87a68d29ec4530be1f893149e0cb64a86d1f9f70a7cfcdfe8ae44/pillow-11.1.0-cp313-cp313-manylinux_2_17_aarch64.manylinux2014_aarch64.whl", hash = "sha256:758e9d4ef15d3560214cddbc97b8ef3ef86ce04d62ddac17ad39ba87e89bd3b1", size = 4326605 },
    { url = "https://files.pythonhosted.org/packages/b0/0f/f3547ee15b145bc5c8b336401b2d4c9d9da67da9dcb572d7c0d4103d2c69/pillow-11.1.0-cp313-cp313-manylinux_2_17_x86_64.manylinux2014_x86_64.whl", hash = "sha256:b523466b1a31d0dcef7c5be1f20b942919b62fd6e9a9be199d035509cbefc0ec", size = 4411173 },
    { url = "https://files.pythonhosted.org/packages/b1/df/bf8176aa5db515c5de584c5e00df9bab0713548fd780c82a86cba2c2fedb/pillow-11.1.0-cp313-cp313-manylinux_2_28_aarch64.whl", hash = "sha256:9044b5e4f7083f209c4e35aa5dd54b1dd5b112b108648f5c902ad586d4f945c5", size = 4369145 },
    { url = "https://files.pythonhosted.org/packages/de/7c/7433122d1cfadc740f577cb55526fdc39129a648ac65ce64db2eb7209277/pillow-11.1.0-cp313-cp313-manylinux_2_28_x86_64.whl", hash = "sha256:3764d53e09cdedd91bee65c2527815d315c6b90d7b8b79759cc48d7bf5d4f114", size = 4496340 },
    { url = "https://files.pythonhosted.org/packages/25/46/dd94b93ca6bd555588835f2504bd90c00d5438fe131cf01cfa0c5131a19d/pillow-11.1.0-cp313-cp313-musllinux_1_2_aarch64.whl", hash = "sha256:31eba6bbdd27dde97b0174ddf0297d7a9c3a507a8a1480e1e60ef914fe23d352", size = 4296906 },
    { url = "https://files.pythonhosted.org/packages/a8/28/2f9d32014dfc7753e586db9add35b8a41b7a3b46540e965cb6d6bc607bd2/pillow-11.1.0-cp313-cp313-musllinux_1_2_x86_64.whl", hash = "sha256:b5d658fbd9f0d6eea113aea286b21d3cd4d3fd978157cbf2447a6035916506d3", size = 4431759 },
    { url = "https://files.pythonhosted.org/packages/33/48/19c2cbe7403870fbe8b7737d19eb013f46299cdfe4501573367f6396c775/pillow-11.1.0-cp313-cp313-win32.whl", hash = "sha256:f86d3a7a9af5d826744fabf4afd15b9dfef44fe69a98541f666f66fbb8d3fef9", size = 2291657 },
    { url = "https://files.pythonhosted.org/packages/3b/ad/285c556747d34c399f332ba7c1a595ba245796ef3e22eae190f5364bb62b/pillow-11.1.0-cp313-cp313-win_amd64.whl", hash = "sha256:593c5fd6be85da83656b93ffcccc2312d2d149d251e98588b14fbc288fd8909c", size = 2626304 },
    { url = "https://files.pythonhosted.org/packages/e5/7b/ef35a71163bf36db06e9c8729608f78dedf032fc8313d19bd4be5c2588f3/pillow-11.1.0-cp313-cp313-win_arm64.whl", hash = "sha256:11633d58b6ee5733bde153a8dafd25e505ea3d32e261accd388827ee987baf65", size = 2375117 },
    { url = "https://files.pythonhosted.org/packages/79/30/77f54228401e84d6791354888549b45824ab0ffde659bafa67956303a09f/pillow-11.1.0-cp313-cp313t-macosx_10_13_x86_64.whl", hash = "sha256:70ca5ef3b3b1c4a0812b5c63c57c23b63e53bc38e758b37a951e5bc466449861", size = 3230060 },
    { url = "https://files.pythonhosted.org/packages/ce/b1/56723b74b07dd64c1010fee011951ea9c35a43d8020acd03111f14298225/pillow-11.1.0-cp313-cp313t-macosx_11_0_arm64.whl", hash = "sha256:8000376f139d4d38d6851eb149b321a52bb8893a88dae8ee7d95840431977081", size = 3106192 },
    { url = "https://files.pythonhosted.org/packages/e1/cd/7bf7180e08f80a4dcc6b4c3a0aa9e0b0ae57168562726a05dc8aa8fa66b0/pillow-11.1.0-cp313-cp313t-manylinux_2_17_x86_64.manylinux2014_x86_64.whl", hash = "sha256:9ee85f0696a17dd28fbcfceb59f9510aa71934b483d1f5601d1030c3c8304f3c", size = 4446805 },
    { url = "https://files.pythonhosted.org/packages/97/42/87c856ea30c8ed97e8efbe672b58c8304dee0573f8c7cab62ae9e31db6ae/pillow-11.1.0-cp313-cp313t-manylinux_2_28_x86_64.whl", hash = "sha256:dd0e081319328928531df7a0e63621caf67652c8464303fd102141b785ef9547", size = 4530623 },
    { url = "https://files.pythonhosted.org/packages/ff/41/026879e90c84a88e33fb00cc6bd915ac2743c67e87a18f80270dfe3c2041/pillow-11.1.0-cp313-cp313t-musllinux_1_2_x86_64.whl", hash = "sha256:e63e4e5081de46517099dc30abe418122f54531a6ae2ebc8680bcd7096860eab", size = 4465191 },
    { url = "https://files.pythonhosted.org/packages/e5/fb/a7960e838bc5df57a2ce23183bfd2290d97c33028b96bde332a9057834d3/pillow-11.1.0-cp313-cp313t-win32.whl", hash = "sha256:dda60aa465b861324e65a78c9f5cf0f4bc713e4309f83bc387be158b077963d9", size = 2295494 },
    { url = "https://files.pythonhosted.org/packages/d7/6c/6ec83ee2f6f0fda8d4cf89045c6be4b0373ebfc363ba8538f8c999f63fcd/pillow-11.1.0-cp313-cp313t-win_amd64.whl", hash = "sha256:ad5db5781c774ab9a9b2c4302bbf0c1014960a0a7be63278d13ae6fdf88126fe", size = 2631595 },
    { url = "https://files.pythonhosted.org/packages/cf/6c/41c21c6c8af92b9fea313aa47c75de49e2f9a467964ee33eb0135d47eb64/pillow-11.1.0-cp313-cp313t-win_arm64.whl", hash = "sha256:67cd427c68926108778a9005f2a04adbd5e67c442ed21d95389fe1d595458756", size = 2377651 },
]

[[package]]
name = "pyglet"
version = "2.1.2"
source = { registry = "https://pypi.org/simple" }
sdist = { url = "https://files.pythonhosted.org/packages/ea/4b/44b4dc01ffac9f8950d540c99159f83e2c398df2a600394feb6d2dbf7340/pyglet-2.1.2.tar.gz", hash = "sha256:6fc1fed55eb6dc80c87a7a45ac62c2a61be08cd31114b27abef8619959be7845", size = 6515611 }
wheels = [
    { url = "https://files.pythonhosted.org/packages/3c/aa/edc16d04f6de8e833b4cba3068185fd2aad9e6f3a22fbc89afec36414f12/pyglet-2.1.2-py3-none-any.whl", hash = "sha256:2819fa9d66ead4b1682d1b7fa7170692d46277e1a6661b329bdba3e65288c036", size = 961981 },
]

[[package]]
name = "pyglm"
version = "2.7.3"
source = { registry = "https://pypi.org/simple" }
sdist = { url = "https://files.pythonhosted.org/packages/fe/a1/123daa472f20022785b18d6cdf6c71e30272aae03584a8ab861fa5fa01a5/pyglm-2.7.3.tar.gz", hash = "sha256:4ccb6c027622b948aebc501cd8c3c23690293115dc98108f8ed3b7fd533b398f", size = 483055 }
wheels = [
    { url = "https://files.pythonhosted.org/packages/08/31/8fb5f31eee897daf8b579410c52c275c72be80245cd6ac83a0d86b1ac1c9/PyGLM-2.7.3-cp312-cp312-macosx_10_13_x86_64.whl", hash = "sha256:5bfebc0caaa0a0096957d984416081a503b1cbd2ba79a0cd0add64e741144247", size = 1586946 },
    { url = "https://files.pythonhosted.org/packages/dd/e3/c8486e4f82b6f88381e405f3fdae36dfd822c726b42da8251bca87fcdb61/PyGLM-2.7.3-cp312-cp312-macosx_11_0_arm64.whl", hash = "sha256:265827ca2eecc7f50d1a37c412b6ed8118ec909f4a5198b2c0a7a914bc33c4a0", size = 1319015 },
    { url = "https://files.pythonhosted.org/packages/b1/55/bc257f2ad7d499ed0c267e744d8c2e838600dff98efb9d43a7cc8752a93a/PyGLM-2.7.3-cp312-cp312-manylinux_2_17_aarch64.manylinux2014_aarch64.whl", hash = "sha256:243890559980131351281007e308e2db0dc52f5dedf1ce0f21383d32cbd3f367", size = 11441393 },
    { url = "https://files.pythonhosted.org/packages/73/8c/2055c41930860d0b2294059fd0d820e6b376e8cecd1459b0a5f7f9632ca6/PyGLM-2.7.3-cp312-cp312-manylinux_2_17_i686.manylinux2014_i686.whl", hash = "sha256:78bb3f32fc92bf0f86527e8143ea861365fdecc05725932eef424346a1948b5b", size = 10820017 },
    { url = "https://files.pythonhosted.org/packages/0f/eb/efac9990e7f95838ce00fedebc1a9713a273fa0f9580eb816ef7d291d489/PyGLM-2.7.3-cp312-cp312-manylinux_2_17_s390x.manylinux2014_s390x.whl", hash = "sha256:b9b193cf4d16b2f43d3458aeaaa29d6cad4f5f2518a3562f3c9b6e361d2d2623", size = 11971119 },
    { url = "https://files.pythonhosted.org/packages/5a/c9/39bb3a16e4402dd6f24a0a923d3a581cde086d7ea4d5cccb9672bf370e03/PyGLM-2.7.3-cp312-cp312-manylinux_2_17_x86_64.manylinux2014_x86_64.whl", hash = "sha256:15a26ac12fb7728b71a45ca9535e6c96cff5a9a1e5beae306ece37073513d519", size = 11968086 },
    { url = "https://files.pythonhosted.org/packages/47/bc/0e7c58847c2ab8f4fa62c6b7c4995c94c9ef50e7803b5aa65cfd9861fcd5/PyGLM-2.7.3-cp312-cp312-manylinux_2_27_aarch64.manylinux_2_28_aarch64.whl", hash = "sha256:bec15034f7c21b2c3c1b70d878f0590aad6a445a0e1290172cc90dccc7a71afb", size = 11009953 },
    { url = "https://files.pythonhosted.org/packages/45/e5/7d1fd80c1554cae210aed2df37524b4c2ad76b67fb069d5012d585a41196/PyGLM-2.7.3-cp312-cp312-manylinux_2_27_s390x.manylinux_2_28_s390x.whl", hash = "sha256:a8253002a1732622bbd8c605baf7ac03b9e1629cfe1136261e651b82204e31d7", size = 11537659 },
    { url = "https://files.pythonhosted.org/packages/59/eb/093167bfdd143f2920869f1ff1ee85f3d1c7f51ebe8d9cd8cf587de9bf84/PyGLM-2.7.3-cp312-cp312-manylinux_2_27_x86_64.manylinux_2_28_x86_64.whl", hash = "sha256:5846787ae297623fe2a09e2a94814f1ca71a80ab929edc5bae93fcbefab7b559", size = 11463684 },
    { url = "https://files.pythonhosted.org/packages/c5/0c/6dea0ceecdee3e7b9479bc44da6a3927f80921280d2e0d0994d6d3b70a19/PyGLM-2.7.3-cp312-cp312-musllinux_1_1_aarch64.whl", hash = "sha256:598404cdfc3fe5bbd6429a1c7879bc6516057827c9e6c2879b22167948854ec6", size = 12404908 },
    { url = "https://files.pythonhosted.org/packages/af/a7/1fa292957b290e4cf2cc62d42edb76545d4773034e4e5a2fb1cfe84c350d/PyGLM-2.7.3-cp312-cp312-musllinux_1_1_i686.whl", hash = "sha256:a71de9de8bf2c585777fdfdde877082722582651a65cb6ab1e6be48299cbdd56", size = 11655722 },
    { url = "https://files.pythonhosted.org/packages/93/87/e01a1f6c3ef40cb5266199a896b756d3d7bc0bd34a24613da213a572772a/PyGLM-2.7.3-cp312-cp312-musllinux_1_1_s390x.whl", hash = "sha256:a49f073a52ca26bf7672aa0685a75f0cb41201e84094ef8aa08c7d9432436bf5", size = 13180552 },
    { url = "https://files.pythonhosted.org/packages/e0/8d/ef84ef6eda2c25a8429233637d54db543721fb7a255b6f885c649dec992b/PyGLM-2.7.3-cp312-cp312-musllinux_1_1_x86_64.whl", hash = "sha256:e37cf83588ff9bc0e8019612c667c4b45a2b1cb195e3890a4609056fa2eda8b4", size = 12959912 },
    { url = "https://files.pythonhosted.org/packages/e8/c3/5259f4c683d4fdfe552229c572750802d4cc630a2283d0320e66785d3cb4/PyGLM-2.7.3-cp312-cp312-win32.whl", hash = "sha256:8b2cf3857dfe598e8f7210aba3990b6b3bc73cb7ee43d422ef8920b1e28aba52", size = 1255103 },
    { url = "https://files.pythonhosted.org/packages/f3/25/2bb4ae6ef04bbd4b4129b63497757e5c72f94805b6f09dc8cc085816ebf9/PyGLM-2.7.3-cp312-cp312-win_amd64.whl", hash = "sha256:4018fbdf125b95d6295e2e3e9f6b1306a204df751d70736f78144cdde07cd721", size = 1592827 },
    { url = "https://files.pythonhosted.org/packages/9b/b0/c145525c037b3f9e88803dd45f33aaa718b00d598c0a57db6b9f7763c4b8/PyGLM-2.7.3-cp312-cp312-win_arm64.whl", hash = "sha256:5465b95bc92d0807a5289559bede5e18f084a6940a8d607f4fbe2457ba21989e", size = 1142855 },
    { url = "https://files.pythonhosted.org/packages/ea/0a/12ea6f3ef6c0ccec95126d639e02cbe74954e54447b3fad27c808db90004/PyGLM-2.7.3-cp313-cp313-macosx_10_13_x86_64.whl", hash = "sha256:d38d3e15098458f7c13db98c3bed936aa6313f7d20eb83968ee2b4c36a7722d6", size = 1586959 },
    { url = "https://files.pythonhosted.org/packages/92/48/2cb33a89245ea0235578905d89dbe633decb1005a4364068ca82b797be83/PyGLM-2.7.3-cp313-cp313-macosx_11_0_arm64.whl", hash = "sha256:f8fe12b0b048e9c5d35647f05ee7fa6c0aebedbc1cb6d4b4f75df5d7b9c16ab3", size = 1319020 },
    { url = "https://files.pythonhosted.org/packages/8f/3b/3bed2074836bfd311362f6c2b5809297e1848aa8c33ad7ed878aaaa265ee/PyGLM-2.7.3-cp313-cp313-manylinux_2_17_aarch64.manylinux2014_aarch64.whl", hash = "sha256:1928999a93ce156665f72b3c799c66a539f114025f4bcae894d46f09ff0ec39c", size = 11443463 },
    { url = "https://files.pythonhosted.org/packages/57/39/4e22b584ae28a99a36057883492eb63f453cf4fa07b7f65d04a4ebd77385/PyGLM-2.7.3-cp313-cp313-manylinux_2_17_i686.manylinux2014_i686.whl", hash = "sha256:7b846eec69f21faf17310562bf7aa3163b2e6dad391c2ddc22e76d3dded8b2e5", size = 10820269 },
    { url = "https://files.pythonhosted.org/packages/c2/48/4ec974cadb1781a45ff3e281f32062057db51aecf43f82c88e8eb10d9809/PyGLM-2.7.3-cp313-cp313-manylinux_2_17_s390x.manylinux2014_s390x.whl", hash = "sha256:5af9ca9802d588910d8f72706690dcd276a82256a828a17f1a4bf898f84da82b", size = 11971271 },
    { url = "https://files.pythonhosted.org/packages/18/ff/28d76e80f8b609465ac91170edb913a9c8351db1fbf5432b429eb43198da/PyGLM-2.7.3-cp313-cp313-manylinux_2_17_x86_64.manylinux2014_x86_64.whl", hash = "sha256:d9d1d471cffee49dc2256f1c9f43600224e10a88a128dfd398b2af2e2104277c", size = 11968742 },
    { url = "https://files.pythonhosted.org/packages/76/8a/4708401d2c9bfae750c3017ffe9d1bd024bc3ebfadcb72783c85205a5a16/PyGLM-2.7.3-cp313-cp313-manylinux_2_27_aarch64.manylinux_2_28_aarch64.whl", hash = "sha256:a415d83a20021a2544276cc122fbea4540493f7a30f9e08da7d185d04e9ca71d", size = 11011544 },
    { url = "https://files.pythonhosted.org/packages/eb/32/237e544cb5d7800064c1affbad551f281de0de5302e11f9216ee0e1781bd/PyGLM-2.7.3-cp313-cp313-manylinux_2_27_s390x.manylinux_2_28_s390x.whl", hash = "sha256:fe0451bc8973260fa9e029773a57d4095c5e08a9f88a979f9699dfe196a956d7", size = 11538130 },
    { url = "https://files.pythonhosted.org/packages/1f/8b/58b6917eab49167c9b7e955067c17b8f12d8974a13a158d06a2a8dc23290/PyGLM-2.7.3-cp313-cp313-manylinux_2_27_x86_64.manylinux_2_28_x86_64.whl", hash = "sha256:f8143b81200d9c9d26442a7ba1614d64aeb319363057bec12d9330591c4f8cf5", size = 11465061 },
    { url = "https://files.pythonhosted.org/packages/58/51/609b1788dace10b720074548c09c2a41f1e4a33ceab7651ad5b108919044/PyGLM-2.7.3-cp313-cp313-musllinux_1_1_aarch64.whl", hash = "sha256:5c3425a3118924e0d148b9ee6dcf6f001fc55326e9f2bbed8360c5d71575e28e", size = 12406002 },
    { url = "https://files.pythonhosted.org/packages/ec/51/e5e20232bb1a667fdc5590a9841df79a2756cb4dffd3d7fb254885587bfd/PyGLM-2.7.3-cp313-cp313-musllinux_1_1_i686.whl", hash = "sha256:5dfb81078d4f9bc5c86be7939f1ab6265192ed16d18ab06fd062c6fcbe649195", size = 11655425 },
    { url = "https://files.pythonhosted.org/packages/b1/c6/29053e449bff3c7417928fbc21b67569c00109ceb3a105fb5c1c8666431e/PyGLM-2.7.3-cp313-cp313-musllinux_1_1_s390x.whl", hash = "sha256:a27c0e0594592f44a3eeebc628974f27095751398184050e333d07884c0f0176", size = 13180433 },
    { url = "https://files.pythonhosted.org/packages/31/f7/92e89e3eb761788a823e0fa863b93ab2ae3c927b27c2eea8c90c607d06c0/PyGLM-2.7.3-cp313-cp313-musllinux_1_1_x86_64.whl", hash = "sha256:8e9f88e62962685f1b0ac4aed8d77aabdf5fa95c6bc4894ea15ac9dc79842ad3", size = 12960300 },
    { url = "https://files.pythonhosted.org/packages/b0/1c/8944d4bd6a8e30d253893a15a4aa71e46da46a870d9c971431a75f12d728/PyGLM-2.7.3-cp313-cp313-win32.whl", hash = "sha256:c9048d98d622e8a95601482bd892a76c8da152bcfcef5d16d279c5bb507a09a7", size = 1255109 },
    { url = "https://files.pythonhosted.org/packages/96/e4/701cf1d5f724b2f9681aa5f6eb8924afd808ca359a29d9795c87b6c22162/PyGLM-2.7.3-cp313-cp313-win_amd64.whl", hash = "sha256:68167968ee91ab176bf9a6e6afaadf4c0c65417c29fecc9f32c6da698ad028db", size = 1592861 },
    { url = "https://files.pythonhosted.org/packages/03/ec/23be89423aa474d521791c3ae7c52e1dcaff9887406fb953f053585e11eb/PyGLM-2.7.3-cp313-cp313-win_arm64.whl", hash = "sha256:24622c249eb315588c042df3b960d3bd90ab6e01caf52009b546b526575d5e91", size = 1142911 },
]

[[package]]
name = "shadertoytemplate"
version = "0.1.0"
source = { virtual = "." }
dependencies = [
    { name = "moderngl" },
    { name = "moderngl-window" },
]

[package.metadata]
requires-dist = [
    { name = "moderngl", specifier = ">=5.12.0" },
    { name = "moderngl-window", specifier = ">=3.1.1" },
]
